
Microsoft Visual Studio Solution File, Format Version 12.00
# Visual Studio Version 17
VisualStudioVersion = 17.8.34322.80
MinimumVisualStudioVersion = 10.0.40219.1
Project("{FAE04EC0-301F-11D3-BF4B-00C04F79EFBC}") = "Store.Web", "Store.Web\Store.Web.csproj", "{AC7ED94D-BDA9-4E12-BC50-A8F76AE350FE}"
EndProject
Global
	GlobalSection(SolutionConfigurationPlatforms) = preSolution
		Debug|Any CPU = Debug|Any CPU
		Release|Any CPU = Release|Any CPU
	EndGlobalSection
	GlobalSection(ProjectConfigurationPlatforms) = postSolution
		{AC7ED94D-BDA9-4E12-BC50-A8F76AE350FE}.Debug|Any CPU.ActiveCfg = Debug|Any CPU
		{AC7ED94D-BDA9-4E12-BC50-A8F76AE350FE}.Debug|Any CPU.Build.0 = Debug|Any CPU
		{AC7ED94D-BDA9-4E12-BC50-A8F76AE350FE}.Release|Any CPU.ActiveCfg = Release|Any CPU
		{AC7ED94D-BDA9-4E12-BC50-A8F76AE350FE}.Release|Any CPU.Build.0 = Release|Any CPU
	EndGlobalSection
	GlobalSection(SolutionProperties) = preSolution
		HideSolutionNode = FALSE
	EndGlobalSection
	GlobalSection(ExtensibilityGlobals) = postSolution
		SolutionGuid = {A2732DA1-A87E-48BF-A06A-AD806F86FD8F}
	EndGlobalSection
EndGlobal
